
Microsoft Visual Studio Solution File, Format Version 12.00
# Visual Studio 15
Project("{FAE04EC0-301F-11D3-BF4B-00C04F79EFBC}") = "DashboardServer", "DashboardServer\DashboardServer.csproj", "{FA44421D-0E51-4D77-9CC3-E153A77389C5}"
EndProject
Global
	GlobalSection(SolutionConfigurationPlatforms) = preSolution
		Debug|Any CPU = Debug|Any CPU
		Release|Any CPU = Release|Any CPU
	EndGlobalSection
	GlobalSection(ProjectConfigurationPlatforms) = postSolution
		{FA44421D-0E51-4D77-9CC3-E153A77389C5}.Debug|Any CPU.ActiveCfg = Debug|Any CPU
		{FA44421D-0E51-4D77-9CC3-E153A77389C5}.Debug|Any CPU.Build.0 = Debug|Any CPU
		{FA44421D-0E51-4D77-9CC3-E153A77389C5}.Release|Any CPU.ActiveCfg = Release|Any CPU
		{FA44421D-0E51-4D77-9CC3-E153A77389C5}.Release|Any CPU.Build.0 = Release|Any CPU
	EndGlobalSection
EndGlobal
